
Microsoft Visual Studio Solution File, Format Version 12.00
# Visual Studio Version 16
VisualStudioVersion = 16.0.30320.27
MinimumVisualStudioVersion = 10.0.40219.1
Project("{FAE04EC0-301F-11D3-BF4B-00C04F79EFBC}") = "MysteryOperations", "MysteryOperations.csproj", "{BF341AC5-A26C-41F0-9E0C-D415FDCCD9BE}"
EndProject
Global
	GlobalSection(SolutionConfigurationPlatforms) = preSolution
		Debug|Any CPU = Debug|Any CPU
		Release|Any CPU = Release|Any CPU
	EndGlobalSection
	GlobalSection(ProjectConfigurationPlatforms) = postSolution
		{BF341AC5-A26C-41F0-9E0C-D415FDCCD9BE}.Debug|Any CPU.ActiveCfg = Debug|Any CPU
		{BF341AC5-A26C-41F0-9E0C-D415FDCCD9BE}.Debug|Any CPU.Build.0 = Debug|Any CPU
		{BF341AC5-A26C-41F0-9E0C-D415FDCCD9BE}.Release|Any CPU.ActiveCfg = Release|Any CPU
		{BF341AC5-A26C-41F0-9E0C-D415FDCCD9BE}.Release|Any CPU.Build.0 = Release|Any CPU
	EndGlobalSection
	GlobalSection(SolutionProperties) = preSolution
		HideSolutionNode = FALSE
	EndGlobalSection
	GlobalSection(ExtensibilityGlobals) = postSolution
		SolutionGuid = {938F3EE7-D0D9-457F-8581-E238C83DCD11}
	EndGlobalSection
EndGlobal
